
Microsoft Visual Studio Solution File, Format Version 12.00
# Visual Studio Version 17
VisualStudioVersion = 17.4.33205.214
MinimumVisualStudioVersion = 10.0.40219.1
Project("{9A19103F-16F7-4668-BE54-9A1E7A4F7556}") = "TCPClientApp", "TCPClientApp\TCPClientApp.csproj", "{91EBCE53-81E8-444C-9E61-87981B3F4384}"
EndProject
Project("{9A19103F-16F7-4668-BE54-9A1E7A4F7556}") = "TCP Server", "TCP Server\TCP Server.csproj", "{3B4291B7-4EAE-4D37-B5E4-9F31F413F7AC}"
EndProject
Project("{9A19103F-16F7-4668-BE54-9A1E7A4F7556}") = "STL.CHATROOM.Domain", "STL.CHATROOM.Domain\STL.CHATROOM.Domain.csproj", "{2D85B4E3-4917-43CF-BAE9-FA00A8AC5548}"
EndProject
Project("{54435603-DBB4-11D2-8724-00A0C9A8B90C}") = "ChatSetup", "ChatSetup\ChatSetup.vdproj", "{CD7A97AD-BD74-4408-B4B6-08EC6B2BB90F}"
EndProject
Global
	GlobalSection(SolutionConfigurationPlatforms) = preSolution
		Debug|Any CPU = Debug|Any CPU
		Release|Any CPU = Release|Any CPU
	EndGlobalSection
	GlobalSection(ProjectConfigurationPlatforms) = postSolution
		{91EBCE53-81E8-444C-9E61-87981B3F4384}.Debug|Any CPU.ActiveCfg = Debug|Any CPU
		{91EBCE53-81E8-444C-9E61-87981B3F4384}.Debug|Any CPU.Build.0 = Debug|Any CPU
		{91EBCE53-81E8-444C-9E61-87981B3F4384}.Release|Any CPU.ActiveCfg = Release|Any CPU
		{91EBCE53-81E8-444C-9E61-87981B3F4384}.Release|Any CPU.Build.0 = Release|Any CPU
		{3B4291B7-4EAE-4D37-B5E4-9F31F413F7AC}.Debug|Any CPU.ActiveCfg = Debug|Any CPU
		{3B4291B7-4EAE-4D37-B5E4-9F31F413F7AC}.Debug|Any CPU.Build.0 = Debug|Any CPU
		{3B4291B7-4EAE-4D37-B5E4-9F31F413F7AC}.Release|Any CPU.ActiveCfg = Release|Any CPU
		{3B4291B7-4EAE-4D37-B5E4-9F31F413F7AC}.Release|Any CPU.Build.0 = Release|Any CPU
		{2D85B4E3-4917-43CF-BAE9-FA00A8AC5548}.Debug|Any CPU.ActiveCfg = Debug|Any CPU
		{2D85B4E3-4917-43CF-BAE9-FA00A8AC5548}.Debug|Any CPU.Build.0 = Debug|Any CPU
		{2D85B4E3-4917-43CF-BAE9-FA00A8AC5548}.Release|Any CPU.ActiveCfg = Release|Any CPU
		{2D85B4E3-4917-43CF-BAE9-FA00A8AC5548}.Release|Any CPU.Build.0 = Release|Any CPU
		{CD7A97AD-BD74-4408-B4B6-08EC6B2BB90F}.Debug|Any CPU.ActiveCfg = Debug
		{CD7A97AD-BD74-4408-B4B6-08EC6B2BB90F}.Release|Any CPU.ActiveCfg = Release
	EndGlobalSection
	GlobalSection(SolutionProperties) = preSolution
		HideSolutionNode = FALSE
	EndGlobalSection
	GlobalSection(ExtensibilityGlobals) = postSolution
		SolutionGuid = {F123E7EC-E67D-41B9-B05C-C6F3692AFCDA}
	EndGlobalSection
EndGlobal
